
Microsoft Visual Studio Solution File, Format Version 12.00
# Visual Studio Version 17
VisualStudioVersion = 17.0.31903.59
MinimumVisualStudioVersion = 10.0.40219.1
Project("{2150E333-8FDC-42A3-9474-1A3956D46DE8}") = "src", "src", "{827E0CD3-B72D-47B6-A68D-7590B98EB39B}"
EndProject
Project("{FAE04EC0-301F-11D3-BF4B-00C04F79EFBC}") = "WavWiz.Core", "src\WavWiz.Core\WavWiz.Core.csproj", "{AAC4F239-505E-4654-A467-E4CCD0E0BAFB}"
EndProject
Project("{FAE04EC0-301F-11D3-BF4B-00C04F79EFBC}") = "WavWiz.Dsp", "src\WavWiz.Dsp\WavWiz.Dsp.csproj", "{6CD51625-817B-41F6-A428-862012EF881D}"
EndProject
Project("{FAE04EC0-301F-11D3-BF4B-00C04F79EFBC}") = "WavWiz.Measure", "src\WavWiz.Measure\WavWiz.Measure.csproj", "{DAA47454-6985-42E9-BC8A-588C9B0FAD35}"
EndProject
Project("{2150E333-8FDC-42A3-9474-1A3956D46DE8}") = "tests", "tests", "{0AB3BF05-4346-4AA6-1389-037BE0695223}"
EndProject
Project("{FAE04EC0-301F-11D3-BF4B-00C04F79EFBC}") = "WavWiz.Core.Tests", "tests\WavWiz.Core.Tests\WavWiz.Core.Tests.csproj", "{28712163-672B-453D-B1A7-D18E327226A1}"
EndProject
Project("{FAE04EC0-301F-11D3-BF4B-00C04F79EFBC}") = "WavWiz.Dsp.Tests", "tests\WavWiz.Dsp.Tests\WavWiz.Dsp.Tests.csproj", "{19FAB6AE-2B41-42AF-95A9-223FD9A60288}"
EndProject
Project("{FAE04EC0-301F-11D3-BF4B-00C04F79EFBC}") = "WavWiz.Sim", "tests\WavWiz.Sim\WavWiz.Sim.csproj", "{79499672-486A-4F3B-9FD9-C44859E83A2E}"
EndProject
Project("{FAE04EC0-301F-11D3-BF4B-00C04F79EFBC}") = "WavWiz.Server", "src\WavWiz.Server\WavWiz.Server.csproj", "{23906DC8-FF68-4DDF-845F-1E68ED1D1CB6}"
EndProject
Project("{FAE04EC0-301F-11D3-BF4B-00C04F79EFBC}") = "WavWiz.Player", "src\WavWiz.Player\WavWiz.Player.csproj", "{A421AAEF-1BEB-4FA1-AAFB-958173E1B505}"
EndProject
Project("{FAE04EC0-301F-11D3-BF4B-00C04F79EFBC}") = "WavWiz.Measure.Tests", "tests\WavWiz.Measure.Tests\WavWiz.Measure.Tests.csproj", "{06661B92-92FF-4988-9479-4B6F98405EED}"
EndProject
Project("{FAE04EC0-301F-11D3-BF4B-00C04F79EFBC}") = "WavWiz.PlayerCore", "src\WavWiz.PlayerCore\WavWiz.PlayerCore.csproj", "{696757ED-157F-4B93-9665-B59D925DFCB7}"
EndProject
Project("{FAE04EC0-301F-11D3-BF4B-00C04F79EFBC}") = "WavWiz.Server.Tests", "tests\WavWiz.Server.Tests\WavWiz.Server.Tests.csproj", "{4B28945F-FB46-461C-8C3E-7EC12B5665F2}"
EndProject
Global
	GlobalSection(SolutionConfigurationPlatforms) = preSolution
		Debug|Any CPU = Debug|Any CPU
		Debug|x64 = Debug|x64
		Debug|x86 = Debug|x86
		Release|Any CPU = Release|Any CPU
		Release|x64 = Release|x64
		Release|x86 = Release|x86
	EndGlobalSection
	GlobalSection(ProjectConfigurationPlatforms) = postSolution
		{AAC4F239-505E-4654-A467-E4CCD0E0BAFB}.Debug|Any CPU.ActiveCfg = Debug|Any CPU
		{AAC4F239-505E-4654-A467-E4CCD0E0BAFB}.Debug|Any CPU.Build.0 = Debug|Any CPU
		{AAC4F239-505E-4654-A467-E4CCD0E0BAFB}.Debug|x64.ActiveCfg = Debug|Any CPU
		{AAC4F239-505E-4654-A467-E4CCD0E0BAFB}.Debug|x64.Build.0 = Debug|Any CPU
		{AAC4F239-505E-4654-A467-E4CCD0E0BAFB}.Debug|x86.ActiveCfg = Debug|Any CPU
		{AAC4F239-505E-4654-A467-E4CCD0E0BAFB}.Debug|x86.Build.0 = Debug|Any CPU
		{AAC4F239-505E-4654-A467-E4CCD0E0BAFB}.Release|Any CPU.ActiveCfg = Release|Any CPU
		{AAC4F239-505E-4654-A467-E4CCD0E0BAFB}.Release|Any CPU.Build.0 = Release|Any CPU
		{AAC4F239-505E-4654-A467-E4CCD0E0BAFB}.Release|x64.ActiveCfg = Release|Any CPU
		{AAC4F239-505E-4654-A467-E4CCD0E0BAFB}.Release|x64.Build.0 = Release|Any CPU
		{AAC4F239-505E-4654-A467-E4CCD0E0BAFB}.Release|x86.ActiveCfg = Release|Any CPU
		{AAC4F239-505E-4654-A467-E4CCD0E0BAFB}.Release|x86.Build.0 = Release|Any CPU
		{6CD51625-817B-41F6-A428-862012EF881D}.Debug|Any CPU.ActiveCfg = Debug|Any CPU
		{6CD51625-817B-41F6-A428-862012EF881D}.Debug|Any CPU.Build.0 = Debug|Any CPU
		{6CD51625-817B-41F6-A428-862012EF881D}.Debug|x64.ActiveCfg = Debug|Any CPU
		{6CD51625-817B-41F6-A428-862012EF881D}.Debug|x64.Build.0 = Debug|Any CPU
		{6CD51625-817B-41F6-A428-862012EF881D}.Debug|x86.ActiveCfg = Debug|Any CPU
		{6CD51625-817B-41F6-A428-862012EF881D}.Debug|x86.Build.0 = Debug|Any CPU
		{6CD51625-817B-41F6-A428-862012EF881D}.Release|Any CPU.ActiveCfg = Release|Any CPU
		{6CD51625-817B-41F6-A428-862012EF881D}.Release|Any CPU.Build.0 = Release|Any CPU
		{6CD51625-817B-41F6-A428-862012EF881D}.Release|x64.ActiveCfg = Release|Any CPU
		{6CD51625-817B-41F6-A428-862012EF881D}.Release|x64.Build.0 = Release|Any CPU
		{6CD51625-817B-41F6-A428-862012EF881D}.Release|x86.ActiveCfg = Release|Any CPU
		{6CD51625-817B-41F6-A428-862012EF881D}.Release|x86.Build.0 = Release|Any CPU
		{DAA47454-6985-42E9-BC8A-588C9B0FAD35}.Debug|Any CPU.ActiveCfg = Debug|Any CPU
		{DAA47454-6985-42E9-BC8A-588C9B0FAD35}.Debug|Any CPU.Build.0 = Debug|Any CPU
		{DAA47454-6985-42E9-BC8A-588C9B0FAD35}.Debug|x64.ActiveCfg = Debug|Any CPU
		{DAA47454-6985-42E9-BC8A-588C9B0FAD35}.Debug|x64.Build.0 = Debug|Any CPU
		{DAA47454-6985-42E9-BC8A-588C9B0FAD35}.Debug|x86.ActiveCfg = Debug|Any CPU
		{DAA47454-6985-42E9-BC8A-588C9B0FAD35}.Debug|x86.Build.0 = Debug|Any CPU
		{DAA47454-6985-42E9-BC8A-588C9B0FAD35}.Release|Any CPU.ActiveCfg = Release|Any CPU
		{DAA47454-6985-42E9-BC8A-588C9B0FAD35}.Release|Any CPU.Build.0 = Release|Any CPU
		{DAA47454-6985-42E9-BC8A-588C9B0FAD35}.Release|x64.ActiveCfg = Release|Any CPU
		{DAA47454-6985-42E9-BC8A-588C9B0FAD35}.Release|x64.Build.0 = Release|Any CPU
		{DAA47454-6985-42E9-BC8A-588C9B0FAD35}.Release|x86.ActiveCfg = Release|Any CPU
		{DAA47454-6985-42E9-BC8A-588C9B0FAD35}.Release|x86.Build.0 = Release|Any CPU
		{28712163-672B-453D-B1A7-D18E327226A1}.Debug|Any CPU.ActiveCfg = Debug|Any CPU
		{28712163-672B-453D-B1A7-D18E327226A1}.Debug|Any CPU.Build.0 = Debug|Any CPU
		{28712163-672B-453D-B1A7-D18E327226A1}.Debug|x64.ActiveCfg = Debug|Any CPU
		{28712163-672B-453D-B1A7-D18E327226A1}.Debug|x64.Build.0 = Debug|Any CPU
		{28712163-672B-453D-B1A7-D18E327226A1}.Debug|x86.ActiveCfg = Debug|Any CPU
		{28712163-672B-453D-B1A7-D18E327226A1}.Debug|x86.Build.0 = Debug|Any CPU
		{28712163-672B-453D-B1A7-D18E327226A1}.Release|Any CPU.ActiveCfg = Release|Any CPU
		{28712163-672B-453D-B1A7-D18E327226A1}.Release|Any CPU.Build.0 = Release|Any CPU
		{28712163-672B-453D-B1A7-D18E327226A1}.Release|x64.ActiveCfg = Release|Any CPU
		{28712163-672B-453D-B1A7-D18E327226A1}.Release|x64.Build.0 = Release|Any CPU
		{28712163-672B-453D-B1A7-D18E327226A1}.Release|x86.ActiveCfg = Release|Any CPU
		{28712163-672B-453D-B1A7-D18E327226A1}.Release|x86.Build.0 = Release|Any CPU
		{19FAB6AE-2B41-42AF-95A9-223FD9A60288}.Debug|Any CPU.ActiveCfg = Debug|Any CPU
		{19FAB6AE-2B41-42AF-95A9-223FD9A60288}.Debug|Any CPU.Build.0 = Debug|Any CPU
		{19FAB6AE-2B41-42AF-95A9-223FD9A60288}.Debug|x64.ActiveCfg = Debug|Any CPU
		{19FAB6AE-2B41-42AF-95A9-223FD9A60288}.Debug|x64.Build.0 = Debug|Any CPU
		{19FAB6AE-2B41-42AF-95A9-223FD9A60288}.Debug|x86.ActiveCfg = Debug|Any CPU
		{19FAB6AE-2B41-42AF-95A9-223FD9A60288}.Debug|x86.Build.0 = Debug|Any CPU
		{19FAB6AE-2B41-42AF-95A9-223FD9A60288}.Release|Any CPU.ActiveCfg = Release|Any CPU
		{19FAB6AE-2B41-42AF-95A9-223FD9A60288}.Release|Any CPU.Build.0 = Release|Any CPU
		{19FAB6AE-2B41-42AF-95A9-223FD9A60288}.Release|x64.ActiveCfg = Release|Any CPU
		{19FAB6AE-2B41-42AF-95A9-223FD9A60288}.Release|x64.Build.0 = Release|Any CPU
		{19FAB6AE-2B41-42AF-95A9-223FD9A60288}.Release|x86.ActiveCfg = Release|Any CPU
		{19FAB6AE-2B41-42AF-95A9-223FD9A60288}.Release|x86.Build.0 = Release|Any CPU
		{79499672-486A-4F3B-9FD9-C44859E83A2E}.Debug|Any CPU.ActiveCfg = Debug|Any CPU
		{79499672-486A-4F3B-9FD9-C44859E83A2E}.Debug|Any CPU.Build.0 = Debug|Any CPU
		{79499672-486A-4F3B-9FD9-C44859E83A2E}.Debug|x64.ActiveCfg = Debug|Any CPU
		{79499672-486A-4F3B-9FD9-C44859E83A2E}.Debug|x64.Build.0 = Debug|Any CPU
		{79499672-486A-4F3B-9FD9-C44859E83A2E}.Debug|x86.ActiveCfg = Debug|Any CPU
		{79499672-486A-4F3B-9FD9-C44859E83A2E}.Debug|x86.Build.0 = Debug|Any CPU
		{79499672-486A-4F3B-9FD9-C44859E83A2E}.Release|Any CPU.ActiveCfg = Release|Any CPU
		{79499672-486A-4F3B-9FD9-C44859E83A2E}.Release|Any CPU.Build.0 = Release|Any CPU
		{79499672-486A-4F3B-9FD9-C44859E83A2E}.Release|x64.ActiveCfg = Release|Any CPU
		{79499672-486A-4F3B-9FD9-C44859E83A2E}.Release|x64.Build.0 = Release|Any CPU
		{79499672-486A-4F3B-9FD9-C44859E83A2E}.Release|x86.ActiveCfg = Release|Any CPU
		{79499672-486A-4F3B-9FD9-C44859E83A2E}.Release|x86.Build.0 = Release|Any CPU
		{23906DC8-FF68-4DDF-845F-1E68ED1D1CB6}.Debug|Any CPU.ActiveCfg = Debug|Any CPU
		{23906DC8-FF68-4DDF-845F-1E68ED1D1CB6}.Debug|Any CPU.Build.0 = Debug|Any CPU
		{23906DC8-FF68-4DDF-845F-1E68ED1D1CB6}.Debug|x64.ActiveCfg = Debug|Any CPU
		{23906DC8-FF68-4DDF-845F-1E68ED1D1CB6}.Debug|x64.Build.0 = Debug|Any CPU
		{23906DC8-FF68-4DDF-845F-1E68ED1D1CB6}.Debug|x86.ActiveCfg = Debug|Any CPU
		{23906DC8-FF68-4DDF-845F-1E68ED1D1CB6}.Debug|x86.Build.0 = Debug|Any CPU
		{23906DC8-FF68-4DDF-845F-1E68ED1D1CB6}.Release|Any CPU.ActiveCfg = Release|Any CPU
		{23906DC8-FF68-4DDF-845F-1E68ED1D1CB6}.Release|Any CPU.Build.0 = Release|Any CPU
		{23906DC8-FF68-4DDF-845F-1E68ED1D1CB6}.Release|x64.ActiveCfg = Release|Any CPU
		{23906DC8-FF68-4DDF-845F-1E68ED1D1CB6}.Release|x64.Build.0 = Release|Any CPU
		{23906DC8-FF68-4DDF-845F-1E68ED1D1CB6}.Release|x86.ActiveCfg = Release|Any CPU
		{23906DC8-FF68-4DDF-845F-1E68ED1D1CB6}.Release|x86.Build.0 = Release|Any CPU
		{A421AAEF-1BEB-4FA1-AAFB-958173E1B505}.Debug|Any CPU.ActiveCfg = Debug|Any CPU
		{A421AAEF-1BEB-4FA1-AAFB-958173E1B505}.Debug|Any CPU.Build.0 = Debug|Any CPU
		{A421AAEF-1BEB-4FA1-AAFB-958173E1B505}.Debug|x64.ActiveCfg = Debug|Any CPU
		{A421AAEF-1BEB-4FA1-AAFB-958173E1B505}.Debug|x64.Build.0 = Debug|Any CPU
		{A421AAEF-1BEB-4FA1-AAFB-958173E1B505}.Debug|x86.ActiveCfg = Debug|Any CPU
		{A421AAEF-1BEB-4FA1-AAFB-958173E1B505}.Debug|x86.Build.0 = Debug|Any CPU
		{A421AAEF-1BEB-4FA1-AAFB-958173E1B505}.Release|Any CPU.ActiveCfg = Release|Any CPU
		{A421AAEF-1BEB-4FA1-AAFB-958173E1B505}.Release|Any CPU.Build.0 = Release|Any CPU
		{A421AAEF-1BEB-4FA1-AAFB-958173E1B505}.Release|x64.ActiveCfg = Release|Any CPU
		{A421AAEF-1BEB-4FA1-AAFB-958173E1B505}.Release|x64.Build.0 = Release|Any CPU
		{A421AAEF-1BEB-4FA1-AAFB-958173E1B505}.Release|x86.ActiveCfg = Release|Any CPU
		{A421AAEF-1BEB-4FA1-AAFB-958173E1B505}.Release|x86.Build.0 = Release|Any CPU
		{06661B92-92FF-4988-9479-4B6F98405EED}.Debug|Any CPU.ActiveCfg = Debug|Any CPU
		{06661B92-92FF-4988-9479-4B6F98405EED}.Debug|Any CPU.Build.0 = Debug|Any CPU
		{06661B92-92FF-4988-9479-4B6F98405EED}.Debug|x64.ActiveCfg = Debug|Any CPU
		{06661B92-92FF-4988-9479-4B6F98405EED}.Debug|x64.Build.0 = Debug|Any CPU
		{06661B92-92FF-4988-9479-4B6F98405EED}.Debug|x86.ActiveCfg = Debug|Any CPU
		{06661B92-92FF-4988-9479-4B6F98405EED}.Debug|x86.Build.0 = Debug|Any CPU
		{06661B92-92FF-4988-9479-4B6F98405EED}.Release|Any CPU.ActiveCfg = Release|Any CPU
		{06661B92-92FF-4988-9479-4B6F98405EED}.Release|Any CPU.Build.0 = Release|Any CPU
		{06661B92-92FF-4988-9479-4B6F98405EED}.Release|x64.ActiveCfg = Release|Any CPU
		{06661B92-92FF-4988-9479-4B6F98405EED}.Release|x64.Build.0 = Release|Any CPU
		{06661B92-92FF-4988-9479-4B6F98405EED}.Release|x86.ActiveCfg = Release|Any CPU
		{06661B92-92FF-4988-9479-4B6F98405EED}.Release|x86.Build.0 = Release|Any CPU
		{696757ED-157F-4B93-9665-B59D925DFCB7}.Debug|Any CPU.ActiveCfg = Debug|Any CPU
		{696757ED-157F-4B93-9665-B59D925DFCB7}.Debug|Any CPU.Build.0 = Debug|Any CPU
		{696757ED-157F-4B93-9665-B59D925DFCB7}.Debug|x64.ActiveCfg = Debug|Any CPU
		{696757ED-157F-4B93-9665-B59D925DFCB7}.Debug|x64.Build.0 = Debug|Any CPU
		{696757ED-157F-4B93-9665-B59D925DFCB7}.Debug|x86.ActiveCfg = Debug|Any CPU
		{696757ED-157F-4B93-9665-B59D925DFCB7}.Debug|x86.Build.0 = Debug|Any CPU
		{696757ED-157F-4B93-9665-B59D925DFCB7}.Release|Any CPU.ActiveCfg = Release|Any CPU
		{696757ED-157F-4B93-9665-B59D925DFCB7}.Release|Any CPU.Build.0 = Release|Any CPU
		{696757ED-157F-4B93-9665-B59D925DFCB7}.Release|x64.ActiveCfg = Release|Any CPU
		{696757ED-157F-4B93-9665-B59D925DFCB7}.Release|x64.Build.0 = Release|Any CPU
		{696757ED-157F-4B93-9665-B59D925DFCB7}.Release|x86.ActiveCfg = Release|Any CPU
		{696757ED-157F-4B93-9665-B59D925DFCB7}.Release|x86.Build.0 = Release|Any CPU
		{4B28945F-FB46-461C-8C3E-7EC12B5665F2}.Debug|Any CPU.ActiveCfg = Debug|Any CPU
		{4B28945F-FB46-461C-8C3E-7EC12B5665F2}.Debug|Any CPU.Build.0 = Debug|Any CPU
		{4B28945F-FB46-461C-8C3E-7EC12B5665F2}.Debug|x64.ActiveCfg = Debug|Any CPU
		{4B28945F-FB46-461C-8C3E-7EC12B5665F2}.Debug|x64.Build.0 = Debug|Any CPU
		{4B28945F-FB46-461C-8C3E-7EC12B5665F2}.Debug|x86.ActiveCfg = Debug|Any CPU
		{4B28945F-FB46-461C-8C3E-7EC12B5665F2}.Debug|x86.Build.0 = Debug|Any CPU
		{4B28945F-FB46-461C-8C3E-7EC12B5665F2}.Release|Any CPU.ActiveCfg = Release|Any CPU
		{4B28945F-FB46-461C-8C3E-7EC12B5665F2}.Release|Any CPU.Build.0 = Release|Any CPU
		{4B28945F-FB46-461C-8C3E-7EC12B5665F2}.Release|x64.ActiveCfg = Release|Any CPU
		{4B28945F-FB46-461C-8C3E-7EC12B5665F2}.Release|x64.Build.0 = Release|Any CPU
		{4B28945F-FB46-461C-8C3E-7EC12B5665F2}.Release|x86.ActiveCfg = Release|Any CPU
		{4B28945F-FB46-461C-8C3E-7EC12B5665F2}.Release|x86.Build.0 = Release|Any CPU
	EndGlobalSection
	GlobalSection(SolutionProperties) = preSolution
		HideSolutionNode = FALSE
	EndGlobalSection
	GlobalSection(NestedProjects) = preSolution
		{AAC4F239-505E-4654-A467-E4CCD0E0BAFB} = {827E0CD3-B72D-47B6-A68D-7590B98EB39B}
		{6CD51625-817B-41F6-A428-862012EF881D} = {827E0CD3-B72D-47B6-A68D-7590B98EB39B}
		{DAA47454-6985-42E9-BC8A-588C9B0FAD35} = {827E0CD3-B72D-47B6-A68D-7590B98EB39B}
		{28712163-672B-453D-B1A7-D18E327226A1} = {0AB3BF05-4346-4AA6-1389-037BE0695223}
		{19FAB6AE-2B41-42AF-95A9-223FD9A60288} = {0AB3BF05-4346-4AA6-1389-037BE0695223}
		{79499672-486A-4F3B-9FD9-C44859E83A2E} = {0AB3BF05-4346-4AA6-1389-037BE0695223}
		{23906DC8-FF68-4DDF-845F-1E68ED1D1CB6} = {827E0CD3-B72D-47B6-A68D-7590B98EB39B}
		{A421AAEF-1BEB-4FA1-AAFB-958173E1B505} = {827E0CD3-B72D-47B6-A68D-7590B98EB39B}
		{06661B92-92FF-4988-9479-4B6F98405EED} = {0AB3BF05-4346-4AA6-1389-037BE0695223}
		{696757ED-157F-4B93-9665-B59D925DFCB7} = {827E0CD3-B72D-47B6-A68D-7590B98EB39B}
		{4B28945F-FB46-461C-8C3E-7EC12B5665F2} = {0AB3BF05-4346-4AA6-1389-037BE0695223}
	EndGlobalSection
EndGlobal
